
Microsoft Visual Studio Solution File, Format Version 12.00
# Visual Studio Version 17
VisualStudioVersion = 17.11.35222.181
MinimumVisualStudioVersion = 10.0.40219.1
Project("{FAE04EC0-301F-11D3-BF4B-00C04F79EFBC}") = "ejer.25 bucle", "ejer.25 bucle\ejer.25 bucle.csproj", "{40E09491-638D-4B4B-82BC-D9AE83AFB7C0}"
EndProject
Global
	GlobalSection(SolutionConfigurationPlatforms) = preSolution
		Debug|Any CPU = Debug|Any CPU
		Release|Any CPU = Release|Any CPU
	EndGlobalSection
	GlobalSection(ProjectConfigurationPlatforms) = postSolution
		{40E09491-638D-4B4B-82BC-D9AE83AFB7C0}.Debug|Any CPU.ActiveCfg = Debug|Any CPU
		{40E09491-638D-4B4B-82BC-D9AE83AFB7C0}.Debug|Any CPU.Build.0 = Debug|Any CPU
		{40E09491-638D-4B4B-82BC-D9AE83AFB7C0}.Release|Any CPU.ActiveCfg = Release|Any CPU
		{40E09491-638D-4B4B-82BC-D9AE83AFB7C0}.Release|Any CPU.Build.0 = Release|Any CPU
	EndGlobalSection
	GlobalSection(SolutionProperties) = preSolution
		HideSolutionNode = FALSE
	EndGlobalSection
	GlobalSection(ExtensibilityGlobals) = postSolution
		SolutionGuid = {850A31CC-B02E-4FE1-AEF7-D20BCFB21A1B}
	EndGlobalSection
EndGlobal
